PODS:
  - Flutter (1.0.0)
  - integration_test (0.0.1):
    - Flutter
  - LLNetworkAccessibility-Swift (1.0.3)
  - network_authority (0.0.1):
    - Flutter
    - LLNetworkAccessibility-Swift

DEPENDENCIES:
  - Flutter (from `Flutter`)
  - integration_test (from `.symlinks/plugins/integration_test/ios`)
  - network_authority (from `.symlinks/plugins/network_authority/ios`)

SPEC REPOS:
  trunk:
    - LLNetworkAccessibility-Swift

EXTERNAL SOURCES:
  Flutter:
    :path: Flutter
  integration_test:
    :path: ".symlinks/plugins/integration_test/ios"
  network_authority:
    :path: ".symlinks/plugins/network_authority/ios"

SPEC CHECKSUMS:
  Flutter: f04841e97a9d0b0a8025694d0796dd46242b2854
  integration_test: 13825b8a9334a850581300559b8839134b124670
  LLNetworkAccessibility-Swift: f9d237d2589f92eaa9baaa5351a1043e730c4773
  network_authority: 8507b404f7a94b6bb84f9e0ab6f1b42adde15a6b

PODFILE CHECKSUM: 70d9d25280d0dd177a5f637cdb0f0b0b12c6a189

COCOAPODS: 1.12.1
